
Microsoft Visual Studio Solution File, Format Version 12.00
# Visual Studio 15
VisualStudioVersion = 15.0.27130.2026
MinimumVisualStudioVersion = 10.0.40219.1
Project("{FAE04EC0-301F-11D3-BF4B-00C04F79EFBC}") = "Biblioteca.Domain", "Biblioteca\Biblioteca.Domain.csproj", "{F68C7E77-EBA5-4156-8CE0-F8D89C908784}"
EndProject
Project("{2150E333-8FDC-42A3-9474-1A3956D46DE8}") = "1. Presentation", "1. Presentation", "{73C40E89-DF17-488E-B408-806CB0CAA59C}"
EndProject
Project("{2150E333-8FDC-42A3-9474-1A3956D46DE8}") = "2. Application", "2. Application", "{D0D39E79-9327-4DCD-A7D2-95B752C0548F}"
EndProject
Project("{2150E333-8FDC-42A3-9474-1A3956D46DE8}") = "3. Domain", "3. Domain", "{60F45B13-7736-4BB5-B8A0-8259D5D866A5}"
EndProject
Project("{2150E333-8FDC-42A3-9474-1A3956D46DE8}") = "4. Infrastructure", "4. Infrastructure", "{1547DE14-54C5-4763-8F2D-C39E890D5746}"
EndProject
Project("{2150E333-8FDC-42A3-9474-1A3956D46DE8}") = "Tests", "Tests", "{68644F6F-FAC4-4FFB-8433-0DB8D392AB4B}"
EndProject
Project("{FAE04EC0-301F-11D3-BF4B-00C04F79EFBC}") = "Biblioteca.Domain.Tests", "Biblioteca.Domain.Tests\Biblioteca.Domain.Tests.csproj", "{8416F6EC-EBE4-4E43-8E01-A9498AB70E0E}"
EndProject
Project("{FAE04EC0-301F-11D3-BF4B-00C04F79EFBC}") = "Biblioteca.Common.Tests", "Biblioteca.Common.Tests\Biblioteca.Common.Tests.csproj", "{C3887B78-EAD1-4908-ADC8-157381B4265D}"
EndProject
Project("{FAE04EC0-301F-11D3-BF4B-00C04F79EFBC}") = "Biblioteca.Applications", "Biblioteca.Applications\Biblioteca.Applications.csproj", "{F8A9B0ED-0585-4903-B5F7-904F826C3BE5}"
EndProject
Project("{FAE04EC0-301F-11D3-BF4B-00C04F79EFBC}") = "Biblioteca.Applications.Tests", "Biblioteca.Applications.Tests\Biblioteca.Applications.Tests.csproj", "{968E5D36-0E2A-4396-BE78-083772CEE8BE}"
EndProject
Project("{FAE04EC0-301F-11D3-BF4B-00C04F79EFBC}") = "Biblioteca.Infra", "Biblioteca.Infra\Biblioteca.Infra.csproj", "{A6014486-4B2A-4B9C-A18A-9C58A1DE457C}"
EndProject
Project("{FAE04EC0-301F-11D3-BF4B-00C04F79EFBC}") = "Biblioteca.Infra.Data", "Biblioteca.Infra.Data\Biblioteca.Infra.Data.csproj", "{E63C647D-43DA-4993-91E7-784C8ACF801D}"
EndProject
Global
	GlobalSection(SolutionConfigurationPlatforms) = preSolution
		Debug|Any CPU = Debug|Any CPU
		Release|Any CPU = Release|Any CPU
	EndGlobalSection
	GlobalSection(ProjectConfigurationPlatforms) = postSolution
		{F68C7E77-EBA5-4156-8CE0-F8D89C908784}.Debug|Any CPU.ActiveCfg = Debug|Any CPU
		{F68C7E77-EBA5-4156-8CE0-F8D89C908784}.Debug|Any CPU.Build.0 = Debug|Any CPU
		{F68C7E77-EBA5-4156-8CE0-F8D89C908784}.Release|Any CPU.ActiveCfg = Release|Any CPU
		{F68C7E77-EBA5-4156-8CE0-F8D89C908784}.Release|Any CPU.Build.0 = Release|Any CPU
		{8416F6EC-EBE4-4E43-8E01-A9498AB70E0E}.Debug|Any CPU.ActiveCfg = Debug|Any CPU
		{8416F6EC-EBE4-4E43-8E01-A9498AB70E0E}.Debug|Any CPU.Build.0 = Debug|Any CPU
		{8416F6EC-EBE4-4E43-8E01-A9498AB70E0E}.Release|Any CPU.ActiveCfg = Release|Any CPU
		{8416F6EC-EBE4-4E43-8E01-A9498AB70E0E}.Release|Any CPU.Build.0 = Release|Any CPU
		{C3887B78-EAD1-4908-ADC8-157381B4265D}.Debug|Any CPU.ActiveCfg = Debug|Any CPU
		{C3887B78-EAD1-4908-ADC8-157381B4265D}.Debug|Any CPU.Build.0 = Debug|Any CPU
		{C3887B78-EAD1-4908-ADC8-157381B4265D}.Release|Any CPU.ActiveCfg = Release|Any CPU
		{C3887B78-EAD1-4908-ADC8-157381B4265D}.Release|Any CPU.Build.0 = Release|Any CPU
		{F8A9B0ED-0585-4903-B5F7-904F826C3BE5}.Debug|Any CPU.ActiveCfg = Debug|Any CPU
		{F8A9B0ED-0585-4903-B5F7-904F826C3BE5}.Debug|Any CPU.Build.0 = Debug|Any CPU
		{F8A9B0ED-0585-4903-B5F7-904F826C3BE5}.Release|Any CPU.ActiveCfg = Release|Any CPU
		{F8A9B0ED-0585-4903-B5F7-904F826C3BE5}.Release|Any CPU.Build.0 = Release|Any CPU
		{968E5D36-0E2A-4396-BE78-083772CEE8BE}.Debug|Any CPU.ActiveCfg = Debug|Any CPU
		{968E5D36-0E2A-4396-BE78-083772CEE8BE}.Debug|Any CPU.Build.0 = Debug|Any CPU
		{968E5D36-0E2A-4396-BE78-083772CEE8BE}.Release|Any CPU.ActiveCfg = Release|Any CPU
		{968E5D36-0E2A-4396-BE78-083772CEE8BE}.Release|Any CPU.Build.0 = Release|Any CPU
		{A6014486-4B2A-4B9C-A18A-9C58A1DE457C}.Debug|Any CPU.ActiveCfg = Debug|Any CPU
		{A6014486-4B2A-4B9C-A18A-9C58A1DE457C}.Debug|Any CPU.Build.0 = Debug|Any CPU
		{A6014486-4B2A-4B9C-A18A-9C58A1DE457C}.Release|Any CPU.ActiveCfg = Release|Any CPU
		{A6014486-4B2A-4B9C-A18A-9C58A1DE457C}.Release|Any CPU.Build.0 = Release|Any CPU
		{E63C647D-43DA-4993-91E7-784C8ACF801D}.Debug|Any CPU.ActiveCfg = Debug|Any CPU
		{E63C647D-43DA-4993-91E7-784C8ACF801D}.Debug|Any CPU.Build.0 = Debug|Any CPU
		{E63C647D-43DA-4993-91E7-784C8ACF801D}.Release|Any CPU.ActiveCfg = Release|Any CPU
		{E63C647D-43DA-4993-91E7-784C8ACF801D}.Release|Any CPU.Build.0 = Release|Any CPU
	EndGlobalSection
	GlobalSection(SolutionProperties) = preSolution
		HideSolutionNode = FALSE
	EndGlobalSection
	GlobalSection(NestedProjects) = preSolution
		{F68C7E77-EBA5-4156-8CE0-F8D89C908784} = {60F45B13-7736-4BB5-B8A0-8259D5D866A5}
		{8416F6EC-EBE4-4E43-8E01-A9498AB70E0E} = {68644F6F-FAC4-4FFB-8433-0DB8D392AB4B}
		{C3887B78-EAD1-4908-ADC8-157381B4265D} = {68644F6F-FAC4-4FFB-8433-0DB8D392AB4B}
		{F8A9B0ED-0585-4903-B5F7-904F826C3BE5} = {D0D39E79-9327-4DCD-A7D2-95B752C0548F}
		{968E5D36-0E2A-4396-BE78-083772CEE8BE} = {68644F6F-FAC4-4FFB-8433-0DB8D392AB4B}
		{A6014486-4B2A-4B9C-A18A-9C58A1DE457C} = {1547DE14-54C5-4763-8F2D-C39E890D5746}
		{E63C647D-43DA-4993-91E7-784C8ACF801D} = {1547DE14-54C5-4763-8F2D-C39E890D5746}
	EndGlobalSection
	GlobalSection(ExtensibilityGlobals) = postSolution
		SolutionGuid = {06566532-43BC-4072-8D24-7295B40EDD87}
	EndGlobalSection
EndGlobal
